
Microsoft Visual Studio Solution File, Format Version 12.00
# Visual Studio 14
VisualStudioVersion = 14.0.23107.0
MinimumVisualStudioVersion = 10.0.40219.1
Project("{FAE04EC0-301F-11D3-BF4B-00C04F79EFBC}") = "ComputerStore.Tests", "ComputerStore.Tests\ComputerStore.Tests.csproj", "{A3AB2E46-1C4B-4139-BF10-6FC3709E56FA}"
EndProject
Project("{FAE04EC0-301F-11D3-BF4B-00C04F79EFBC}") = "ComputerStore.BL", "CoputerStore.WCFHost\ComputerStore.BL.csproj", "{E1792205-FE1D-4E62-8690-EC27C0A3E3A7}"
EndProject
Project("{FAE04EC0-301F-11D3-BF4B-00C04F79EFBC}") = "ComputerStore.DTO", "ComputerStore.DTO\ComputerStore.DTO.csproj", "{E6063703-EC79-458F-B188-535583BA5976}"
EndProject
Project("{FAE04EC0-301F-11D3-BF4B-00C04F79EFBC}") = "ComputerStore.DAL", "ComputerStore.DAL\ComputerStore.DAL.csproj", "{BCFC307F-83A2-4C48-8D13-1CC27DFF5348}"
EndProject
Project("{FAE04EC0-301F-11D3-BF4B-00C04F79EFBC}") = "ComputerStore.Client", "ComputerStore.Client\ComputerStore.Client.csproj", "{5BC1708D-3798-461C-A991-ECDF0A578BBC}"
	ProjectSection(ProjectDependencies) = postProject
		{E1792205-FE1D-4E62-8690-EC27C0A3E3A7} = {E1792205-FE1D-4E62-8690-EC27C0A3E3A7}
	EndProjectSection
EndProject
Global
	GlobalSection(SolutionConfigurationPlatforms) = preSolution
		Debug|Any CPU = Debug|Any CPU
		Release|Any CPU = Release|Any CPU
	EndGlobalSection
	GlobalSection(ProjectConfigurationPlatforms) = postSolution
		{A3AB2E46-1C4B-4139-BF10-6FC3709E56FA}.Debug|Any CPU.ActiveCfg = Debug|Any CPU
		{A3AB2E46-1C4B-4139-BF10-6FC3709E56FA}.Debug|Any CPU.Build.0 = Debug|Any CPU
		{A3AB2E46-1C4B-4139-BF10-6FC3709E56FA}.Release|Any CPU.ActiveCfg = Release|Any CPU
		{A3AB2E46-1C4B-4139-BF10-6FC3709E56FA}.Release|Any CPU.Build.0 = Release|Any CPU
		{E1792205-FE1D-4E62-8690-EC27C0A3E3A7}.Debug|Any CPU.ActiveCfg = Debug|Any CPU
		{E1792205-FE1D-4E62-8690-EC27C0A3E3A7}.Debug|Any CPU.Build.0 = Debug|Any CPU
		{E1792205-FE1D-4E62-8690-EC27C0A3E3A7}.Release|Any CPU.ActiveCfg = Release|Any CPU
		{E1792205-FE1D-4E62-8690-EC27C0A3E3A7}.Release|Any CPU.Build.0 = Release|Any CPU
		{E6063703-EC79-458F-B188-535583BA5976}.Debug|Any CPU.ActiveCfg = Debug|Any CPU
		{E6063703-EC79-458F-B188-535583BA5976}.Debug|Any CPU.Build.0 = Debug|Any CPU
		{E6063703-EC79-458F-B188-535583BA5976}.Release|Any CPU.ActiveCfg = Release|Any CPU
		{E6063703-EC79-458F-B188-535583BA5976}.Release|Any CPU.Build.0 = Release|Any CPU
		{BCFC307F-83A2-4C48-8D13-1CC27DFF5348}.Debug|Any CPU.ActiveCfg = Debug|Any CPU
		{BCFC307F-83A2-4C48-8D13-1CC27DFF5348}.Debug|Any CPU.Build.0 = Debug|Any CPU
		{BCFC307F-83A2-4C48-8D13-1CC27DFF5348}.Release|Any CPU.ActiveCfg = Release|Any CPU
		{BCFC307F-83A2-4C48-8D13-1CC27DFF5348}.Release|Any CPU.Build.0 = Release|Any CPU
		{5BC1708D-3798-461C-A991-ECDF0A578BBC}.Debug|Any CPU.ActiveCfg = Debug|Any CPU
		{5BC1708D-3798-461C-A991-ECDF0A578BBC}.Debug|Any CPU.Build.0 = Debug|Any CPU
		{5BC1708D-3798-461C-A991-ECDF0A578BBC}.Release|Any CPU.ActiveCfg = Release|Any CPU
		{5BC1708D-3798-461C-A991-ECDF0A578BBC}.Release|Any CPU.Build.0 = Release|Any CPU
	EndGlobalSection
	GlobalSection(SolutionProperties) = preSolution
		HideSolutionNode = FALSE
	EndGlobalSection
EndGlobal
