
Microsoft Visual Studio Solution File, Format Version 12.00
# Visual Studio 14
VisualStudioVersion = 14.0.23107.0
MinimumVisualStudioVersion = 10.0.40219.1
Project("{FAE04EC0-301F-11D3-BF4B-00C04F79EFBC}") = "ComputerStore.Client", "ComputerStore\ComputerStore.Client.csproj", "{98BF29EA-C09F-42BD-9F13-522130F12825}"
EndProject
Project("{FAE04EC0-301F-11D3-BF4B-00C04F79EFBC}") = "ComputerStore.Tests", "ComputerStore.Tests\ComputerStore.Tests.csproj", "{A3AB2E46-1C4B-4139-BF10-6FC3709E56FA}"
EndProject
Project("{FAE04EC0-301F-11D3-BF4B-00C04F79EFBC}") = "ComputerStore.BL", "ComputerStore.BL\ComputerStore.BL.csproj", "{5DF8340D-4C24-461C-AFB4-F3027F2365AD}"
EndProject
Project("{FAE04EC0-301F-11D3-BF4B-00C04F79EFBC}") = "CoputerStore.WCFHost", "CoputerStore.WCFHost\CoputerStore.WCFHost.csproj", "{E1792205-FE1D-4E62-8690-EC27C0A3E3A7}"
EndProject
Project("{FAE04EC0-301F-11D3-BF4B-00C04F79EFBC}") = "ComputerStore.DTO", "ComputerStore.DTO\ComputerStore.DTO.csproj", "{E6063703-EC79-458F-B188-535583BA5976}"
EndProject
Global
	GlobalSection(SolutionConfigurationPlatforms) = preSolution
		Debug|Any CPU = Debug|Any CPU
		Release|Any CPU = Release|Any CPU
	EndGlobalSection
	GlobalSection(ProjectConfigurationPlatforms) = postSolution
		{98BF29EA-C09F-42BD-9F13-522130F12825}.Debug|Any CPU.ActiveCfg = Debug|Any CPU
		{98BF29EA-C09F-42BD-9F13-522130F12825}.Debug|Any CPU.Build.0 = Debug|Any CPU
		{98BF29EA-C09F-42BD-9F13-522130F12825}.Release|Any CPU.ActiveCfg = Release|Any CPU
		{98BF29EA-C09F-42BD-9F13-522130F12825}.Release|Any CPU.Build.0 = Release|Any CPU
		{A3AB2E46-1C4B-4139-BF10-6FC3709E56FA}.Debug|Any CPU.ActiveCfg = Debug|Any CPU
		{A3AB2E46-1C4B-4139-BF10-6FC3709E56FA}.Debug|Any CPU.Build.0 = Debug|Any CPU
		{A3AB2E46-1C4B-4139-BF10-6FC3709E56FA}.Release|Any CPU.ActiveCfg = Release|Any CPU
		{A3AB2E46-1C4B-4139-BF10-6FC3709E56FA}.Release|Any CPU.Build.0 = Release|Any CPU
		{5DF8340D-4C24-461C-AFB4-F3027F2365AD}.Debug|Any CPU.ActiveCfg = Debug|Any CPU
		{5DF8340D-4C24-461C-AFB4-F3027F2365AD}.Debug|Any CPU.Build.0 = Debug|Any CPU
		{5DF8340D-4C24-461C-AFB4-F3027F2365AD}.Release|Any CPU.ActiveCfg = Release|Any CPU
		{5DF8340D-4C24-461C-AFB4-F3027F2365AD}.Release|Any CPU.Build.0 = Release|Any CPU
		{E1792205-FE1D-4E62-8690-EC27C0A3E3A7}.Debug|Any CPU.ActiveCfg = Debug|Any CPU
		{E1792205-FE1D-4E62-8690-EC27C0A3E3A7}.Debug|Any CPU.Build.0 = Debug|Any CPU
		{E1792205-FE1D-4E62-8690-EC27C0A3E3A7}.Release|Any CPU.ActiveCfg = Release|Any CPU
		{E1792205-FE1D-4E62-8690-EC27C0A3E3A7}.Release|Any CPU.Build.0 = Release|Any CPU
		{E6063703-EC79-458F-B188-535583BA5976}.Debug|Any CPU.ActiveCfg = Debug|Any CPU
		{E6063703-EC79-458F-B188-535583BA5976}.Debug|Any CPU.Build.0 = Debug|Any CPU
		{E6063703-EC79-458F-B188-535583BA5976}.Release|Any CPU.ActiveCfg = Release|Any CPU
		{E6063703-EC79-458F-B188-535583BA5976}.Release|Any CPU.Build.0 = Release|Any CPU
	EndGlobalSection
	GlobalSection(SolutionProperties) = preSolution
		HideSolutionNode = FALSE
	EndGlobalSection
EndGlobal
